
Microsoft Visual Studio Solution File, Format Version 12.00
Project("{FAE04EC0-301F-11D3-BF4B-00C04F79EFBC}") = "FE.RssFeedAggregator", "FE.RssFeedAggregator\FE.RssFeedAggregator.csproj", "{1A1F83DE-B046-45C7-B9A6-4C7E0724E60E}"
EndProject
Global
	GlobalSection(SolutionConfigurationPlatforms) = preSolution
		Debug|Any CPU = Debug|Any CPU
		Release|Any CPU = Release|Any CPU
	EndGlobalSection
	GlobalSection(ProjectConfigurationPlatforms) = postSolution
		{1A1F83DE-B046-45C7-B9A6-4C7E0724E60E}.Debug|Any CPU.ActiveCfg = Debug|Any CPU
		{1A1F83DE-B046-45C7-B9A6-4C7E0724E60E}.Debug|Any CPU.Build.0 = Debug|Any CPU
		{1A1F83DE-B046-45C7-B9A6-4C7E0724E60E}.Release|Any CPU.ActiveCfg = Release|Any CPU
		{1A1F83DE-B046-45C7-B9A6-4C7E0724E60E}.Release|Any CPU.Build.0 = Release|Any CPU
	EndGlobalSection
EndGlobal
